// !$*UTF8*$!
{
	archiveVersion = 1;
	classes = {
	};
	objectVersion = 55;
	objects = {

/* Begin PBXBuildFile section */
		700CCF962779A15700998F4A /* DestinationPointAnnotation.swift in Sources */ = {isa = PBXBuildFile; fileRef = 700CCF952779A15700998F4A /* DestinationPointAnnotation.swift */; };
		700CCF982779A82300998F4A /* FloatingCenterButton.swift in Sources */ = {isa = PBXBuildFile; fileRef = 700CCF972779A82300998F4A /* FloatingCenterButton.swift */; };
		701487D827784B1B007AF0DC /* SplashViewModel.swift in Sources */ = {isa = PBXBuildFile; fileRef = 701487D727784B1B007AF0DC /* SplashViewModel.swift */; };
		701487DB27784C33007AF0DC /* SplashViewController.swift in Sources */ = {isa = PBXBuildFile; fileRef = 701487DA27784C33007AF0DC /* SplashViewController.swift */; };
		701487DE27784D28007AF0DC /* MainViewController.swift in Sources */ = {isa = PBXBuildFile; fileRef = 701487DD27784D28007AF0DC /* MainViewController.swift */; };
		701487E1277852DC007AF0DC /* MainViewModel.swift in Sources */ = {isa = PBXBuildFile; fileRef = 701487E0277852DC007AF0DC /* MainViewModel.swift */; };
		701487E627785AB1007AF0DC /* LocationInputActivationView.swift in Sources */ = {isa = PBXBuildFile; fileRef = 701487E527785AB1007AF0DC /* LocationInputActivationView.swift */; };
		701487EB2778623D007AF0DC /* LocationInputHeaderView.swift in Sources */ = {isa = PBXBuildFile; fileRef = 701487EA2778623D007AF0DC /* LocationInputHeaderView.swift */; };
		701487ED27786296007AF0DC /* BackButton.swift in Sources */ = {isa = PBXBuildFile; fileRef = 701487EC27786296007AF0DC /* BackButton.swift */; };
		701487EF27786596007AF0DC /* UIView+Extension.swift in Sources */ = {isa = PBXBuildFile; fileRef = 701487EE27786596007AF0DC /* UIView+Extension.swift */; };
		701487F12778670A007AF0DC /* UserViewModel.swift in Sources */ = {isa = PBXBuildFile; fileRef = 701487F02778670A007AF0DC /* UserViewModel.swift */; };
		701487F427786A8F007AF0DC /* LocationInputTextField.swift in Sources */ = {isa = PBXBuildFile; fileRef = 701487F327786A8F007AF0DC /* LocationInputTextField.swift */; };
		701487F627786CAD007AF0DC /* DotView.swift in Sources */ = {isa = PBXBuildFile; fileRef = 701487F527786CAD007AF0DC /* DotView.swift */; };
		701487F827786F72007AF0DC /* LocationTableView.swift in Sources */ = {isa = PBXBuildFile; fileRef = 701487F727786F72007AF0DC /* LocationTableView.swift */; };
		701487FA2778762F007AF0DC /* LocationRepositoryImpl.swift in Sources */ = {isa = PBXBuildFile; fileRef = 701487F92778762F007AF0DC /* LocationRepositoryImpl.swift */; };
		701487FC277876C1007AF0DC /* references.swift in Sources */ = {isa = PBXBuildFile; fileRef = 701487FB277876C1007AF0DC /* references.swift */; };
		701487FE27787722007AF0DC /* LocationRepository.swift in Sources */ = {isa = PBXBuildFile; fileRef = 701487FD27787722007AF0DC /* LocationRepository.swift */; };
		70148800277893F6007AF0DC /* DriverPointAnnotation.swift in Sources */ = {isa = PBXBuildFile; fileRef = 701487FF277893F6007AF0DC /* DriverPointAnnotation.swift */; };
		7017358E2777A02E004C589B /* AppDelegate.swift in Sources */ = {isa = PBXBuildFile; fileRef = 7017358D2777A02E004C589B /* AppDelegate.swift */; };
		701735902777A02E004C589B /* SceneDelegate.swift in Sources */ = {isa = PBXBuildFile; fileRef = 7017358F2777A02E004C589B /* SceneDelegate.swift */; };
		701735952777A02E004C589B /* Main.storyboard in Resources */ = {isa = PBXBuildFile; fileRef = 701735932777A02E004C589B /* Main.storyboard */; };
		701735972777A02E004C589B /* Assets.xcassets in Resources */ = {isa = PBXBuildFile; fileRef = 701735962777A02E004C589B /* Assets.xcassets */; };
		7017359A2777A02E004C589B /* LaunchScreen.storyboard in Resources */ = {isa = PBXBuildFile; fileRef = 701735982777A02E004C589B /* LaunchScreen.storyboard */; };
		701735A62777A073004C589B /* LoginViewController.swift in Sources */ = {isa = PBXBuildFile; fileRef = 701735A52777A073004C589B /* LoginViewController.swift */; };
		701735A92777A0E5004C589B /* LogoLabel.swift in Sources */ = {isa = PBXBuildFile; fileRef = 701735A82777A0E5004C589B /* LogoLabel.swift */; };
		701735AC2777A170004C589B /* fonts_colors.swift in Sources */ = {isa = PBXBuildFile; fileRef = 701735AB2777A170004C589B /* fonts_colors.swift */; };
		701735AE2777A1F0004C589B /* background_colors.swift in Sources */ = {isa = PBXBuildFile; fileRef = 701735AD2777A1F0004C589B /* background_colors.swift */; };
		701735B12777A27C004C589B /* SnapKit in Frameworks */ = {isa = PBXBuildFile; productRef = 701735B02777A27C004C589B /* SnapKit */; };
		701735B32777A3EB004C589B /* UserInputTextFieldView.swift in Sources */ = {isa = PBXBuildFile; fileRef = 701735B22777A3EB004C589B /* UserInputTextFieldView.swift */; };
		701735B62777A71C004C589B /* UIImageView+Extension.swift in Sources */ = {isa = PBXBuildFile; fileRef = 701735B52777A71C004C589B /* UIImageView+Extension.swift */; };
		701735B82777A925004C589B /* BlueButton.swift in Sources */ = {isa = PBXBuildFile; fileRef = 701735B72777A925004C589B /* BlueButton.swift */; };
		701735BA2777AA49004C589B /* button_colors.swift in Sources */ = {isa = PBXBuildFile; fileRef = 701735B92777AA49004C589B /* button_colors.swift */; };
		701735BC2777AF77004C589B /* BaseViewController.swift in Sources */ = {isa = PBXBuildFile; fileRef = 701735BB2777AF77004C589B /* BaseViewController.swift */; };
		701735BE2777B05B004C589B /* SignUpViewController.swift in Sources */ = {isa = PBXBuildFile; fileRef = 701735BD2777B05B004C589B /* SignUpViewController.swift */; };
		701735C12777B0AC004C589B /* RxCocoa in Frameworks */ = {isa = PBXBuildFile; productRef = 701735C02777B0AC004C589B /* RxCocoa */; };
		701735C32777B0AC004C589B /* RxRelay in Frameworks */ = {isa = PBXBuildFile; productRef = 701735C22777B0AC004C589B /* RxRelay */; };
		701735C52777B0AC004C589B /* RxSwift in Frameworks */ = {isa = PBXBuildFile; productRef = 701735C42777B0AC004C589B /* RxSwift */; };
		701735C82777B1D2004C589B /* DIViewController.swift in Sources */ = {isa = PBXBuildFile; fileRef = 701735C72777B1D2004C589B /* DIViewController.swift */; };
		701735CA2777B4EB004C589B /* UserInputSegmentedControlView.swift in Sources */ = {isa = PBXBuildFile; fileRef = 701735C92777B4EB004C589B /* UserInputSegmentedControlView.swift */; };
		702DF2142777C9930032441D /* collections.swift in Sources */ = {isa = PBXBuildFile; fileRef = 702DF2132777C9930032441D /* collections.swift */; };
		702DF2172777CAC80032441D /* MyError.swift in Sources */ = {isa = PBXBuildFile; fileRef = 702DF2162777CAC80032441D /* MyError.swift */; };
		702DF2192777CB220032441D /* UserRepository.swift in Sources */ = {isa = PBXBuildFile; fileRef = 702DF2182777CB220032441D /* UserRepository.swift */; };
		702DF21B2777CB450032441D /* DIRepository.swift in Sources */ = {isa = PBXBuildFile; fileRef = 702DF21A2777CB450032441D /* DIRepository.swift */; };
		703F7C8F2779CF8F00F83432 /* LinkUtil.swift in Sources */ = {isa = PBXBuildFile; fileRef = 703F7C8E2779CF8F00F83432 /* LinkUtil.swift */; };
		703F7C912779CFBE00F83432 /* DIUtil.swift in Sources */ = {isa = PBXBuildFile; fileRef = 703F7C902779CFBE00F83432 /* DIUtil.swift */; };
		703F7C932779D06E00F83432 /* MapKitUtil.swift in Sources */ = {isa = PBXBuildFile; fileRef = 703F7C922779D06E00F83432 /* MapKitUtil.swift */; };
		703F7C962779DF2D00F83432 /* RideRequestView.swift in Sources */ = {isa = PBXBuildFile; fileRef = 703F7C952779DF2D00F83432 /* RideRequestView.swift */; };
		703F7C982779E61300F83432 /* RideRequestViewModel.swift in Sources */ = {isa = PBXBuildFile; fileRef = 703F7C972779E61300F83432 /* RideRequestViewModel.swift */; };
		703F7C9A277A004B00F83432 /* MKMapView+Extension.swift in Sources */ = {isa = PBXBuildFile; fileRef = 703F7C99277A004B00F83432 /* MKMapView+Extension.swift */; };
		7055CEAA2777BD5D00399AC6 /* GoogleService-Info.plist in Resources */ = {isa = PBXBuildFile; fileRef = 7055CEA92777BD5D00399AC6 /* GoogleService-Info.plist */; };
		7055CEAD2777BDDB00399AC6 /* FirebaseAuth in Frameworks */ = {isa = PBXBuildFile; productRef = 7055CEAC2777BDDB00399AC6 /* FirebaseAuth */; };
		7055CEAF2777BDDB00399AC6 /* FirebaseDatabase in Frameworks */ = {isa = PBXBuildFile; productRef = 7055CEAE2777BDDB00399AC6 /* FirebaseDatabase */; };
		7055CEB12777BDDB00399AC6 /* FirebaseFirestore in Frameworks */ = {isa = PBXBuildFile; productRef = 7055CEB02777BDDB00399AC6 /* FirebaseFirestore */; };
		7055CEB32777BDDB00399AC6 /* FirebaseFunctions in Frameworks */ = {isa = PBXBuildFile; productRef = 7055CEB22777BDDB00399AC6 /* FirebaseFunctions */; };
		7055CEB52777BDDB00399AC6 /* FirebaseMessaging in Frameworks */ = {isa = PBXBuildFile; productRef = 7055CEB42777BDDB00399AC6 /* FirebaseMessaging */; };
		7055CEB72777BDDB00399AC6 /* FirebaseStorage in Frameworks */ = {isa = PBXBuildFile; productRef = 7055CEB62777BDDB00399AC6 /* FirebaseStorage */; };
		7055CEBA2777BE8100399AC6 /* GeoFire in Frameworks */ = {isa = PBXBuildFile; productRef = 7055CEB92777BE8100399AC6 /* GeoFire */; };
		7055CEBC2777BE8100399AC6 /* GeoFireUtils in Frameworks */ = {isa = PBXBuildFile; productRef = 7055CEBB2777BE8100399AC6 /* GeoFireUtils */; };
		706989032778A6EC0034FE8F /* LocationTableViewModel.swift in Sources */ = {isa = PBXBuildFile; fileRef = 706989022778A6EC0034FE8F /* LocationTableViewModel.swift */; };
		706989052778A8BF0034FE8F /* PlaceRepositoryImpl.swift in Sources */ = {isa = PBXBuildFile; fileRef = 706989042778A8BF0034FE8F /* PlaceRepositoryImpl.swift */; };
		706989072778A9AA0034FE8F /* PlaceRepository.swift in Sources */ = {isa = PBXBuildFile; fileRef = 706989062778A9AA0034FE8F /* PlaceRepository.swift */; };
		707D4F032777C7FB00E4B31D /* UserRepositoryImpl.swift in Sources */ = {isa = PBXBuildFile; fileRef = 707D4F022777C7FB00E4B31D /* UserRepositoryImpl.swift */; };
		70D0E0362778AF68008114B6 /* PlaceCell.swift in Sources */ = {isa = PBXBuildFile; fileRef = 70D0E0352778AF68008114B6 /* PlaceCell.swift */; };
		70DCF8D2277839A500A9E633 /* SignUpViewModel.swift in Sources */ = {isa = PBXBuildFile; fileRef = 70DCF8D1277839A500A9E633 /* SignUpViewModel.swift */; };
		70DCF8D4277839B800A9E633 /* BaseViewModel.swift in Sources */ = {isa = PBXBuildFile; fileRef = 70DCF8D3277839B800A9E633 /* BaseViewModel.swift */; };
		70DCF8D6277839FF00A9E633 /* DIViewModel.swift in Sources */ = {isa = PBXBuildFile; fileRef = 70DCF8D5277839FF00A9E633 /* DIViewModel.swift */; };
		70DCF8D927783A9100A9E633 /* UserType.swift in Sources */ = {isa = PBXBuildFile; fileRef = 70DCF8D827783A9100A9E633 /* UserType.swift */; };
		70DCF8DE27783E3800A9E633 /* Toast in Frameworks */ = {isa = PBXBuildFile; productRef = 70DCF8DD27783E3800A9E633 /* Toast */; };
		70DCF8E127783F6C00A9E633 /* UberUser.swift in Sources */ = {isa = PBXBuildFile; fileRef = 70DCF8E027783F6C00A9E633 /* UberUser.swift */; };
		70DCF8E32778409400A9E633 /* UserError.swift in Sources */ = {isa = PBXBuildFile; fileRef = 70DCF8E22778409400A9E633 /* UserError.swift */; };
		70DCF8E5277844E900A9E633 /* LoginViewModel.swift in Sources */ = {isa = PBXBuildFile; fileRef = 70DCF8E4277844E900A9E633 /* LoginViewModel.swift */; };
		70F3DA092779B3F700D2A67B /* MenuButton.swift in Sources */ = {isa = PBXBuildFile; fileRef = 70F3DA082779B3F700D2A67B /* MenuButton.swift */; };
/* End PBXBuildFile section */

/* Begin PBXFileReference section */
		700CCF952779A15700998F4A /* DestinationPointAnnotation.swift */ = {isa = PBXFileReference; lastKnownFileType = sourcecode.swift; path = DestinationPointAnnotation.swift; sourceTree = "<group>"; };
		700CCF972779A82300998F4A /* FloatingCenterButton.swift */ = {isa = PBXFileReference; lastKnownFileType = sourcecode.swift; path = FloatingCenterButton.swift; sourceTree = "<group>"; };
		701487D727784B1B007AF0DC /* SplashViewModel.swift */ = {isa = PBXFileReference; lastKnownFileType = sourcecode.swift; path = SplashViewModel.swift; sourceTree = "<group>"; };
		701487DA27784C33007AF0DC /* SplashViewController.swift */ = {isa = PBXFileReference; lastKnownFileType = sourcecode.swift; path = SplashViewController.swift; sourceTree = "<group>"; };
		701487DD27784D28007AF0DC /* MainViewController.swift */ = {isa = PBXFileReference; lastKnownFileType = sourcecode.swift; path = MainViewController.swift; sourceTree = "<group>"; };
		701487E0277852DC007AF0DC /* MainViewModel.swift */ = {isa = PBXFileReference; lastKnownFileType = sourcecode.swift; path = MainViewModel.swift; sourceTree = "<group>"; };
		701487E527785AB1007AF0DC /* LocationInputActivationView.swift */ = {isa = PBXFileReference; lastKnownFileType = sourcecode.swift; path = LocationInputActivationView.swift; sourceTree = "<group>"; };
		701487EA2778623D007AF0DC /* LocationInputHeaderView.swift */ = {isa = PBXFileReference; lastKnownFileType = sourcecode.swift; path = LocationInputHeaderView.swift; sourceTree = "<group>"; };
		701487EC27786296007AF0DC /* BackButton.swift */ = {isa = PBXFileReference; lastKnownFileType = sourcecode.swift; path = BackButton.swift; sourceTree = "<group>"; };
		701487EE27786596007AF0DC /* UIView+Extension.swift */ = {isa = PBXFileReference; lastKnownFileType = sourcecode.swift; path = "UIView+Extension.swift"; sourceTree = "<group>"; };
		701487F02778670A007AF0DC /* UserViewModel.swift */ = {isa = PBXFileReference; lastKnownFileType = sourcecode.swift; path = UserViewModel.swift; sourceTree = "<group>"; };
		701487F327786A8F007AF0DC /* LocationInputTextField.swift */ = {isa = PBXFileReference; lastKnownFileType = sourcecode.swift; path = LocationInputTextField.swift; sourceTree = "<group>"; };
		701487F527786CAD007AF0DC /* DotView.swift */ = {isa = PBXFileReference; lastKnownFileType = sourcecode.swift; path = DotView.swift; sourceTree = "<group>"; };
		701487F727786F72007AF0DC /* LocationTableView.swift */ = {isa = PBXFileReference; lastKnownFileType = sourcecode.swift; path = LocationTableView.swift; sourceTree = "<group>"; };
		701487F92778762F007AF0DC /* LocationRepositoryImpl.swift */ = {isa = PBXFileReference; lastKnownFileType = sourcecode.swift; path = LocationRepositoryImpl.swift; sourceTree = "<group>"; };
		701487FB277876C1007AF0DC /* references.swift */ = {isa = PBXFileReference; lastKnownFileType = sourcecode.swift; path = references.swift; sourceTree = "<group>"; };
		701487FD27787722007AF0DC /* LocationRepository.swift */ = {isa = PBXFileReference; lastKnownFileType = sourcecode.swift; path = LocationRepository.swift; sourceTree = "<group>"; };
		701487FF277893F6007AF0DC /* DriverPointAnnotation.swift */ = {isa = PBXFileReference; lastKnownFileType = sourcecode.swift; path = DriverPointAnnotation.swift; sourceTree = "<group>"; };
		7017358A2777A02E004C589B /* uikit-uber-clone.app */ = {isa = PBXFileReference; explicitFileType = wrapper.application; includeInIndex = 0; path = "uikit-uber-clone.app"; sourceTree = BUILT_PRODUCTS_DIR; };
		7017358D2777A02E004C589B /* AppDelegate.swift */ = {isa = PBXFileReference; lastKnownFileType = sourcecode.swift; path = AppDelegate.swift; sourceTree = "<group>"; };
		7017358F2777A02E004C589B /* SceneDelegate.swift */ = {isa = PBXFileReference; lastKnownFileType = sourcecode.swift; path = SceneDelegate.swift; sourceTree = "<group>"; };
		701735942777A02E004C589B /* Base */ = {isa = PBXFileReference; lastKnownFileType = file.storyboard; name = Base; path = Base.lproj/Main.storyboard; sourceTree = "<group>"; };
		701735962777A02E004C589B /* Assets.xcassets */ = {isa = PBXFileReference; lastKnownFileType = folder.assetcatalog; path = Assets.xcassets; sourceTree = "<group>"; };
		701735992777A02E004C589B /* Base */ = {isa = PBXFileReference; lastKnownFileType = file.storyboard; name = Base; path = Base.lproj/LaunchScreen.storyboard; sourceTree = "<group>"; };
		7017359B2777A02E004C589B /* Info.plist */ = {isa = PBXFileReference; lastKnownFileType = text.plist.xml; path = Info.plist; sourceTree = "<group>"; };
		701735A52777A073004C589B /* LoginViewController.swift */ = {isa = PBXFileReference; lastKnownFileType = sourcecode.swift; path = LoginViewController.swift; sourceTree = "<group>"; };
		701735A82777A0E5004C589B /* LogoLabel.swift */ = {isa = PBXFileReference; lastKnownFileType = sourcecode.swift; path = LogoLabel.swift; sourceTree = "<group>"; };
		701735AB2777A170004C589B /* fonts_colors.swift */ = {isa = PBXFileReference; lastKnownFileType = sourcecode.swift; path = fonts_colors.swift; sourceTree = "<group>"; };
		701735AD2777A1F0004C589B /* background_colors.swift */ = {isa = PBXFileReference; lastKnownFileType = sourcecode.swift; path = background_colors.swift; sourceTree = "<group>"; };
		701735B22777A3EB004C589B /* UserInputTextFieldView.swift */ = {isa = PBXFileReference; lastKnownFileType = sourcecode.swift; path = UserInputTextFieldView.swift; sourceTree = "<group>"; };
		701735B52777A71C004C589B /* UIImageView+Extension.swift */ = {isa = PBXFileReference; lastKnownFileType = sourcecode.swift; path = "UIImageView+Extension.swift"; sourceTree = "<group>"; };
		701735B72777A925004C589B /* BlueButton.swift */ = {isa = PBXFileReference; lastKnownFileType = sourcecode.swift; path = BlueButton.swift; sourceTree = "<group>"; };
		701735B92777AA49004C589B /* button_colors.swift */ = {isa = PBXFileReference; lastKnownFileType = sourcecode.swift; path = button_colors.swift; sourceTree = "<group>"; };
		701735BB2777AF77004C589B /* BaseViewController.swift */ = {isa = PBXFileReference; lastKnownFileType = sourcecode.swift; path = BaseViewController.swift; sourceTree = "<group>"; };
		701735BD2777B05B004C589B /* SignUpViewController.swift */ = {isa = PBXFileReference; lastKnownFileType = sourcecode.swift; path = SignUpViewController.swift; sourceTree = "<group>"; };
		701735C72777B1D2004C589B /* DIViewController.swift */ = {isa = PBXFileReference; lastKnownFileType = sourcecode.swift; path = DIViewController.swift; sourceTree = "<group>"; };
		701735C92777B4EB004C589B /* UserInputSegmentedControlView.swift */ = {isa = PBXFileReference; lastKnownFileType = sourcecode.swift; path = UserInputSegmentedControlView.swift; sourceTree = "<group>"; };
		702DF2132777C9930032441D /* collections.swift */ = {isa = PBXFileReference; lastKnownFileType = sourcecode.swift; path = collections.swift; sourceTree = "<group>"; };
		702DF2162777CAC80032441D /* MyError.swift */ = {isa = PBXFileReference; lastKnownFileType = sourcecode.swift; path = MyError.swift; sourceTree = "<group>"; };
		702DF2182777CB220032441D /* UserRepository.swift */ = {isa = PBXFileReference; lastKnownFileType = sourcecode.swift; path = UserRepository.swift; sourceTree = "<group>"; };
		702DF21A2777CB450032441D /* DIRepository.swift */ = {isa = PBXFileReference; lastKnownFileType = sourcecode.swift; path = DIRepository.swift; sourceTree = "<group>"; };
		703F7C8E2779CF8F00F83432 /* LinkUtil.swift */ = {isa = PBXFileReference; lastKnownFileType = sourcecode.swift; path = LinkUtil.swift; sourceTree = "<group>"; };
		703F7C902779CFBE00F83432 /* DIUtil.swift */ = {isa = PBXFileReference; lastKnownFileType = sourcecode.swift; path = DIUtil.swift; sourceTree = "<group>"; };
		703F7C922779D06E00F83432 /* MapKitUtil.swift */ = {isa = PBXFileReference; lastKnownFileType = sourcecode.swift; path = MapKitUtil.swift; sourceTree = "<group>"; };
		703F7C952779DF2D00F83432 /* RideRequestView.swift */ = {isa = PBXFileReference; lastKnownFileType = sourcecode.swift; path = RideRequestView.swift; sourceTree = "<group>"; };
		703F7C972779E61300F83432 /* RideRequestViewModel.swift */ = {isa = PBXFileReference; lastKnownFileType = sourcecode.swift; path = RideRequestViewModel.swift; sourceTree = "<group>"; };
		703F7C99277A004B00F83432 /* MKMapView+Extension.swift */ = {isa = PBXFileReference; lastKnownFileType = sourcecode.swift; path = "MKMapView+Extension.swift"; sourceTree = "<group>"; };
		7055CEA92777BD5D00399AC6 /* GoogleService-Info.plist */ = {isa = PBXFileReference; fileEncoding = 4; lastKnownFileType = text.plist.xml; path = "GoogleService-Info.plist"; sourceTree = "<group>"; };
		706989022778A6EC0034FE8F /* LocationTableViewModel.swift */ = {isa = PBXFileReference; lastKnownFileType = sourcecode.swift; path = LocationTableViewModel.swift; sourceTree = "<group>"; };
		706989042778A8BF0034FE8F /* PlaceRepositoryImpl.swift */ = {isa = PBXFileReference; lastKnownFileType = sourcecode.swift; path = PlaceRepositoryImpl.swift; sourceTree = "<group>"; };
		706989062778A9AA0034FE8F /* PlaceRepository.swift */ = {isa = PBXFileReference; lastKnownFileType = sourcecode.swift; path = PlaceRepository.swift; sourceTree = "<group>"; };
		707D4F022777C7FB00E4B31D /* UserRepositoryImpl.swift */ = {isa = PBXFileReference; lastKnownFileType = sourcecode.swift; path = UserRepositoryImpl.swift; sourceTree = "<group>"; };
		70D0E0352778AF68008114B6 /* PlaceCell.swift */ = {isa = PBXFileReference; lastKnownFileType = sourcecode.swift; path = PlaceCell.swift; sourceTree = "<group>"; };
		70DCF8D1277839A500A9E633 /* SignUpViewModel.swift */ = {isa = PBXFileReference; lastKnownFileType = sourcecode.swift; path = SignUpViewModel.swift; sourceTree = "<group>"; };
		70DCF8D3277839B800A9E633 /* BaseViewModel.swift */ = {isa = PBXFileReference; lastKnownFileType = sourcecode.swift; path = BaseViewModel.swift; sourceTree = "<group>"; };
		70DCF8D5277839FF00A9E633 /* DIViewModel.swift */ = {isa = PBXFileReference; lastKnownFileType = sourcecode.swift; path = DIViewModel.swift; sourceTree = "<group>"; };
		70DCF8D827783A9100A9E633 /* UserType.swift */ = {isa = PBXFileReference; lastKnownFileType = sourcecode.swift; path = UserType.swift; sourceTree = "<group>"; };
		70DCF8E027783F6C00A9E633 /* UberUser.swift */ = {isa = PBXFileReference; lastKnownFileType = sourcecode.swift; path = UberUser.swift; sourceTree = "<group>"; };
		70DCF8E22778409400A9E633 /* UserError.swift */ = {isa = PBXFileReference; lastKnownFileType = sourcecode.swift; path = UserError.swift; sourceTree = "<group>"; };
		70DCF8E4277844E900A9E633 /* LoginViewModel.swift */ = {isa = PBXFileReference; lastKnownFileType = sourcecode.swift; path = LoginViewModel.swift; sourceTree = "<group>"; };
		70F3DA082779B3F700D2A67B /* MenuButton.swift */ = {isa = PBXFileReference; lastKnownFileType = sourcecode.swift; path = MenuButton.swift; sourceTree = "<group>"; };
/* End PBXFileReference section */

/* Begin PBXFrameworksBuildPhase section */
		701735872777A02E004C589B /* Frameworks */ = {
			isa = PBXFrameworksBuildPhase;
			buildActionMask = 2147483647;
			files = (
				7055CEB52777BDDB00399AC6 /* FirebaseMessaging in Frameworks */,
				7055CEAF2777BDDB00399AC6 /* FirebaseDatabase in Frameworks */,
				70DCF8DE27783E3800A9E633 /* Toast in Frameworks */,
				701735C32777B0AC004C589B /* RxRelay in Frameworks */,
				7055CEB72777BDDB00399AC6 /* FirebaseStorage in Frameworks */,
				7055CEAD2777BDDB00399AC6 /* FirebaseAuth in Frameworks */,
				7055CEBA2777BE8100399AC6 /* GeoFire in Frameworks */,
				7055CEB32777BDDB00399AC6 /* FirebaseFunctions in Frameworks */,
				701735C12777B0AC004C589B /* RxCocoa in Frameworks */,
				701735C52777B0AC004C589B /* RxSwift in Frameworks */,
				701735B12777A27C004C589B /* SnapKit in Frameworks */,
				7055CEBC2777BE8100399AC6 /* GeoFireUtils in Frameworks */,
				7055CEB12777BDDB00399AC6 /* FirebaseFirestore in Frameworks */,
			);
			runOnlyForDeploymentPostprocessing = 0;
		};
/* End PBXFrameworksBuildPhase section */

/* Begin PBXGroup section */
		701487D627784B12007AF0DC /* splash */ = {
			isa = PBXGroup;
			children = (
				701487D727784B1B007AF0DC /* SplashViewModel.swift */,
			);
			path = splash;
			sourceTree = "<group>";
		};
		701487D927784C2C007AF0DC /* splash */ = {
			isa = PBXGroup;
			children = (
				701487DA27784C33007AF0DC /* SplashViewController.swift */,
			);
			path = splash;
			sourceTree = "<group>";
		};
		701487DC27784D1F007AF0DC /* main */ = {
			isa = PBXGroup;
			children = (
				701487DD27784D28007AF0DC /* MainViewController.swift */,
			);
			path = main;
			sourceTree = "<group>";
		};
		701487DF277852D4007AF0DC /* main */ = {
			isa = PBXGroup;
			children = (
				706989012778A6E10034FE8F /* locationInput */,
				701487E0277852DC007AF0DC /* MainViewModel.swift */,
			);
			path = main;
			sourceTree = "<group>";
		};
		701487E2277854C6007AF0DC /* util */ = {
			isa = PBXGroup;
			children = (
				703F7C8E2779CF8F00F83432 /* LinkUtil.swift */,
				703F7C922779D06E00F83432 /* MapKitUtil.swift */,
			);
			path = util;
			sourceTree = "<group>";
		};
		701487E72778618D007AF0DC /* global */ = {
			isa = PBXGroup;
			children = (
				701735A82777A0E5004C589B /* LogoLabel.swift */,
				701735B72777A925004C589B /* BlueButton.swift */,
				701487EC27786296007AF0DC /* BackButton.swift */,
				701487F527786CAD007AF0DC /* DotView.swift */,
				700CCF972779A82300998F4A /* FloatingCenterButton.swift */,
				70F3DA082779B3F700D2A67B /* MenuButton.swift */,
			);
			path = global;
			sourceTree = "<group>";
		};
		701487E8277861AF007AF0DC /* auth */ = {
			isa = PBXGroup;
			children = (
				701735C92777B4EB004C589B /* UserInputSegmentedControlView.swift */,
				701735B22777A3EB004C589B /* UserInputTextFieldView.swift */,
			);
			path = auth;
			sourceTree = "<group>";
		};
		701487E9277861BD007AF0DC /* main */ = {
			isa = PBXGroup;
			children = (
				703F7C942779DF0300F83432 /* bottomSheet */,
				701487F227786A7C007AF0DC /* locationInput */,
			);
			path = main;
			sourceTree = "<group>";
		};
		701487F227786A7C007AF0DC /* locationInput */ = {
			isa = PBXGroup;
			children = (
				701487E527785AB1007AF0DC /* LocationInputActivationView.swift */,
				701487EA2778623D007AF0DC /* LocationInputHeaderView.swift */,
				701487F327786A8F007AF0DC /* LocationInputTextField.swift */,
				701487F727786F72007AF0DC /* LocationTableView.swift */,
				70D0E0352778AF68008114B6 /* PlaceCell.swift */,
			);
			path = locationInput;
			sourceTree = "<group>";
		};
		701735812777A02E004C589B = {
			isa = PBXGroup;
			children = (
				7017358C2777A02E004C589B /* uikit-uber-clone */,
				7017358B2777A02E004C589B /* Products */,
			);
			sourceTree = "<group>";
		};
		7017358B2777A02E004C589B /* Products */ = {
			isa = PBXGroup;
			children = (
				7017358A2777A02E004C589B /* uikit-uber-clone.app */,
			);
			name = Products;
			sourceTree = "<group>";
		};
		7017358C2777A02E004C589B /* uikit-uber-clone */ = {
			isa = PBXGroup;
			children = (
				701487E2277854C6007AF0DC /* util */,
				70DCF8DF27783F6500A9E633 /* model */,
				70DCF8D727783A8600A9E633 /* enum */,
				70DCF8CF2778397400A9E633 /* viewmodel */,
				702DF2152777CAC00032441D /* error */,
				702DF2122777C9870032441D /* constant */,
				707D4F012777C7E500E4B31D /* repository */,
				701735C62777B1B7004C589B /* di */,
				701735B42777A710004C589B /* extension */,
				701735AA2777A15F004C589B /* color */,
				701735A72777A098004C589B /* view */,
				701735A32777A056004C589B /* storyboards */,
				701735A22777A04A004C589B /* controller */,
				701735A12777A033004C589B /* delegate */,
				701735962777A02E004C589B /* Assets.xcassets */,
				7017359B2777A02E004C589B /* Info.plist */,
				7055CEA92777BD5D00399AC6 /* GoogleService-Info.plist */,
			);
			path = "uikit-uber-clone";
			sourceTree = "<group>";
		};
		701735A12777A033004C589B /* delegate */ = {
			isa = PBXGroup;
			children = (
				7017358D2777A02E004C589B /* AppDelegate.swift */,
				7017358F2777A02E004C589B /* SceneDelegate.swift */,
			);
			path = delegate;
			sourceTree = "<group>";
		};
		701735A22777A04A004C589B /* controller */ = {
			isa = PBXGroup;
			children = (
				701487DC27784D1F007AF0DC /* main */,
				701487D927784C2C007AF0DC /* splash */,
				701735A42777A06B004C589B /* auth */,
				701735BB2777AF77004C589B /* BaseViewController.swift */,
			);
			path = controller;
			sourceTree = "<group>";
		};
		701735A32777A056004C589B /* storyboards */ = {
			isa = PBXGroup;
			children = (
				701735932777A02E004C589B /* Main.storyboard */,
				701735982777A02E004C589B /* LaunchScreen.storyboard */,
			);
			path = storyboards;
			sourceTree = "<group>";
		};
		701735A42777A06B004C589B /* auth */ = {
			isa = PBXGroup;
			children = (
				701735A52777A073004C589B /* LoginViewController.swift */,
				701735BD2777B05B004C589B /* SignUpViewController.swift */,
			);
			path = auth;
			sourceTree = "<group>";
		};
		701735A72777A098004C589B /* view */ = {
			isa = PBXGroup;
			children = (
				701487E9277861BD007AF0DC /* main */,
				701487E8277861AF007AF0DC /* auth */,
				701487E72778618D007AF0DC /* global */,
			);
			path = view;
			sourceTree = "<group>";
		};
		701735AA2777A15F004C589B /* color */ = {
			isa = PBXGroup;
			children = (
				701735AB2777A170004C589B /* fonts_colors.swift */,
				701735AD2777A1F0004C589B /* background_colors.swift */,
				701735B92777AA49004C589B /* button_colors.swift */,
			);
			path = color;
			sourceTree = "<group>";
		};
		701735B42777A710004C589B /* extension */ = {
			isa = PBXGroup;
			children = (
				701735B52777A71C004C589B /* UIImageView+Extension.swift */,
				701487EE27786596007AF0DC /* UIView+Extension.swift */,
				703F7C99277A004B00F83432 /* MKMapView+Extension.swift */,
			);
			path = extension;
			sourceTree = "<group>";
		};
		701735C62777B1B7004C589B /* di */ = {
			isa = PBXGroup;
			children = (
				701735C72777B1D2004C589B /* DIViewController.swift */,
				702DF21A2777CB450032441D /* DIRepository.swift */,
				70DCF8D5277839FF00A9E633 /* DIViewModel.swift */,
				703F7C902779CFBE00F83432 /* DIUtil.swift */,
			);
			path = di;
			sourceTree = "<group>";
		};
		702DF2122777C9870032441D /* constant */ = {
			isa = PBXGroup;
			children = (
				702DF2132777C9930032441D /* collections.swift */,
				701487FB277876C1007AF0DC /* references.swift */,
			);
			path = constant;
			sourceTree = "<group>";
		};
		702DF2152777CAC00032441D /* error */ = {
			isa = PBXGroup;
			children = (
				702DF2162777CAC80032441D /* MyError.swift */,
				70DCF8E22778409400A9E633 /* UserError.swift */,
			);
			path = error;
			sourceTree = "<group>";
		};
		703F7C942779DF0300F83432 /* bottomSheet */ = {
			isa = PBXGroup;
			children = (
				703F7C952779DF2D00F83432 /* RideRequestView.swift */,
				703F7C972779E61300F83432 /* RideRequestViewModel.swift */,
			);
			path = bottomSheet;
			sourceTree = "<group>";
		};
		706989012778A6E10034FE8F /* locationInput */ = {
			isa = PBXGroup;
			children = (
				706989022778A6EC0034FE8F /* LocationTableViewModel.swift */,
			);
			path = locationInput;
			sourceTree = "<group>";
		};
		707D4F012777C7E500E4B31D /* repository */ = {
			isa = PBXGroup;
			children = (
				707D4F022777C7FB00E4B31D /* UserRepositoryImpl.swift */,
				702DF2182777CB220032441D /* UserRepository.swift */,
				701487F92778762F007AF0DC /* LocationRepositoryImpl.swift */,
				701487FD27787722007AF0DC /* LocationRepository.swift */,
				706989042778A8BF0034FE8F /* PlaceRepositoryImpl.swift */,
				706989062778A9AA0034FE8F /* PlaceRepository.swift */,
			);
			path = repository;
			sourceTree = "<group>";
		};
		70DCF8CF2778397400A9E633 /* viewmodel */ = {
			isa = PBXGroup;
			children = (
				701487DF277852D4007AF0DC /* main */,
				701487D627784B12007AF0DC /* splash */,
				70DCF8D02778399A00A9E633 /* auth */,
				70DCF8D3277839B800A9E633 /* BaseViewModel.swift */,
				701487F02778670A007AF0DC /* UserViewModel.swift */,
			);
			path = viewmodel;
			sourceTree = "<group>";
		};
		70DCF8D02778399A00A9E633 /* auth */ = {
			isa = PBXGroup;
			children = (
				70DCF8D1277839A500A9E633 /* SignUpViewModel.swift */,
				70DCF8E4277844E900A9E633 /* LoginViewModel.swift */,
			);
			path = auth;
			sourceTree = "<group>";
		};
		70DCF8D727783A8600A9E633 /* enum */ = {
			isa = PBXGroup;
			children = (
				70DCF8D827783A9100A9E633 /* UserType.swift */,
			);
			path = enum;
			sourceTree = "<group>";
		};
		70DCF8DF27783F6500A9E633 /* model */ = {
			isa = PBXGroup;
			children = (
				70DCF8E027783F6C00A9E633 /* UberUser.swift */,
				701487FF277893F6007AF0DC /* DriverPointAnnotation.swift */,
				700CCF952779A15700998F4A /* DestinationPointAnnotation.swift */,
			);
			path = model;
			sourceTree = "<group>";
		};
/* End PBXGroup section */

/* Begin PBXNativeTarget section */
		701735892777A02E004C589B /* uikit-uber-clone */ = {
			isa = PBXNativeTarget;
			buildConfigurationList = 7017359E2777A02E004C589B /* Build configuration list for PBXNativeTarget "uikit-uber-clone" */;
			buildPhases = (
				701735862777A02E004C589B /* Sources */,
				701735872777A02E004C589B /* Frameworks */,
				701735882777A02E004C589B /* Resources */,
			);
			buildRules = (
			);
			dependencies = (
			);
			name = "uikit-uber-clone";
			packageProductDependencies = (
				701735B02777A27C004C589B /* SnapKit */,
				701735C02777B0AC004C589B /* RxCocoa */,
				701735C22777B0AC004C589B /* RxRelay */,
				701735C42777B0AC004C589B /* RxSwift */,
				7055CEAC2777BDDB00399AC6 /* FirebaseAuth */,
				7055CEAE2777BDDB00399AC6 /* FirebaseDatabase */,
				7055CEB02777BDDB00399AC6 /* FirebaseFirestore */,
				7055CEB22777BDDB00399AC6 /* FirebaseFunctions */,
				7055CEB42777BDDB00399AC6 /* FirebaseMessaging */,
				7055CEB62777BDDB00399AC6 /* FirebaseStorage */,
				7055CEB92777BE8100399AC6 /* GeoFire */,
				7055CEBB2777BE8100399AC6 /* GeoFireUtils */,
				70DCF8DD27783E3800A9E633 /* Toast */,
			);
			productName = "uikit-uber-clone";
			productReference = 7017358A2777A02E004C589B /* uikit-uber-clone.app */;
			productType = "com.apple.product-type.application";
		};
/* End PBXNativeTarget section */

/* Begin PBXProject section */
		701735822777A02E004C589B /* Project object */ = {
			isa = PBXProject;
			attributes = {
				BuildIndependentTargetsInParallel = 1;
				LastSwiftUpdateCheck = 1320;
				LastUpgradeCheck = 1320;
				TargetAttributes = {
					701735892777A02E004C589B = {
						CreatedOnToolsVersion = 13.2.1;
					};
				};
			};
			buildConfigurationList = 701735852777A02E004C589B /* Build configuration list for PBXProject "uikit-uber-clone" */;
			compatibilityVersion = "Xcode 13.0";
			developmentRegion = en;
			hasScannedForEncodings = 0;
			knownRegions = (
				en,
				Base,
			);
			mainGroup = 701735812777A02E004C589B;
			packageReferences = (
				701735AF2777A27C004C589B /* XCRemoteSwiftPackageReference "SnapKit" */,
				701735BF2777B0AC004C589B /* XCRemoteSwiftPackageReference "RxSwift" */,
				7055CEAB2777BDDB00399AC6 /* XCRemoteSwiftPackageReference "firebase-ios-sdk" */,
				7055CEB82777BE8100399AC6 /* XCRemoteSwiftPackageReference "geofire-objc" */,
				70DCF8DC27783E3800A9E633 /* XCRemoteSwiftPackageReference "Toast-Swift" */,
			);
			productRefGroup = 7017358B2777A02E004C589B /* Products */;
			projectDirPath = "";
			projectRoot = "";
			targets = (
				701735892777A02E004C589B /* uikit-uber-clone */,
			);
		};
/* End PBXProject section */

/* Begin PBXResourcesBuildPhase section */
		701735882777A02E004C589B /* Resources */ = {
			isa = PBXResourcesBuildPhase;
			buildActionMask = 2147483647;
			files = (
				7017359A2777A02E004C589B /* LaunchScreen.storyboard in Resources */,
				7055CEAA2777BD5D00399AC6 /* GoogleService-Info.plist in Resources */,
				701735972777A02E004C589B /* Assets.xcassets in Resources */,
				701735952777A02E004C589B /* Main.storyboard in Resources */,
			);
			runOnlyForDeploymentPostprocessing = 0;
		};
/* End PBXResourcesBuildPhase section */

/* Begin PBXSourcesBuildPhase section */
		701735862777A02E004C589B /* Sources */ = {
			isa = PBXSourcesBuildPhase;
			buildActionMask = 2147483647;
			files = (
				701735B32777A3EB004C589B /* UserInputTextFieldView.swift in Sources */,
				70DCF8D6277839FF00A9E633 /* DIViewModel.swift in Sources */,
				703F7C8F2779CF8F00F83432 /* LinkUtil.swift in Sources */,
				701735A62777A073004C589B /* LoginViewController.swift in Sources */,
				70DCF8D2277839A500A9E633 /* SignUpViewModel.swift in Sources */,
				702DF2192777CB220032441D /* UserRepository.swift in Sources */,
				701487EB2778623D007AF0DC /* LocationInputHeaderView.swift in Sources */,
				701487ED27786296007AF0DC /* BackButton.swift in Sources */,
				703F7C9A277A004B00F83432 /* MKMapView+Extension.swift in Sources */,
				701487E1277852DC007AF0DC /* MainViewModel.swift in Sources */,
				701487EF27786596007AF0DC /* UIView+Extension.swift in Sources */,
				701487F827786F72007AF0DC /* LocationTableView.swift in Sources */,
				701735C82777B1D2004C589B /* DIViewController.swift in Sources */,
				701487FC277876C1007AF0DC /* references.swift in Sources */,
				706989032778A6EC0034FE8F /* LocationTableViewModel.swift in Sources */,
				701735BC2777AF77004C589B /* BaseViewController.swift in Sources */,
				701735B62777A71C004C589B /* UIImageView+Extension.swift in Sources */,
				70DCF8E5277844E900A9E633 /* LoginViewModel.swift in Sources */,
				700CCF982779A82300998F4A /* FloatingCenterButton.swift in Sources */,
				703F7C912779CFBE00F83432 /* DIUtil.swift in Sources */,
				701735AE2777A1F0004C589B /* background_colors.swift in Sources */,
				707D4F032777C7FB00E4B31D /* UserRepositoryImpl.swift in Sources */,
				70148800277893F6007AF0DC /* DriverPointAnnotation.swift in Sources */,
				7017358E2777A02E004C589B /* AppDelegate.swift in Sources */,
				703F7C962779DF2D00F83432 /* RideRequestView.swift in Sources */,
				700CCF962779A15700998F4A /* DestinationPointAnnotation.swift in Sources */,
				70F3DA092779B3F700D2A67B /* MenuButton.swift in Sources */,
				701487F627786CAD007AF0DC /* DotView.swift in Sources */,
				701487D827784B1B007AF0DC /* SplashViewModel.swift in Sources */,
				70D0E0362778AF68008114B6 /* PlaceCell.swift in Sources */,
				701487DE27784D28007AF0DC /* MainViewController.swift in Sources */,
				70DCF8E127783F6C00A9E633 /* UberUser.swift in Sources */,
				701735BE2777B05B004C589B /* SignUpViewController.swift in Sources */,
				702DF21B2777CB450032441D /* DIRepository.swift in Sources */,
				701735AC2777A170004C589B /* fonts_colors.swift in Sources */,
				70DCF8D927783A9100A9E633 /* UserType.swift in Sources */,
				701487F427786A8F007AF0DC /* LocationInputTextField.swift in Sources */,
				701487FA2778762F007AF0DC /* LocationRepositoryImpl.swift in Sources */,
				701735902777A02E004C589B /* SceneDelegate.swift in Sources */,
				703F7C982779E61300F83432 /* RideRequestViewModel.swift in Sources */,
				701487DB27784C33007AF0DC /* SplashViewController.swift in Sources */,
				701487FE27787722007AF0DC /* LocationRepository.swift in Sources */,
				703F7C932779D06E00F83432 /* MapKitUtil.swift in Sources */,
				701487F12778670A007AF0DC /* UserViewModel.swift in Sources */,
				701487E627785AB1007AF0DC /* LocationInputActivationView.swift in Sources */,
				702DF2172777CAC80032441D /* MyError.swift in Sources */,
				702DF2142777C9930032441D /* collections.swift in Sources */,
				701735A92777A0E5004C589B /* LogoLabel.swift in Sources */,
				706989052778A8BF0034FE8F /* PlaceRepositoryImpl.swift in Sources */,
				70DCF8D4277839B800A9E633 /* BaseViewModel.swift in Sources */,
				701735B82777A925004C589B /* BlueButton.swift in Sources */,
				70DCF8E32778409400A9E633 /* UserError.swift in Sources */,
				701735CA2777B4EB004C589B /* UserInputSegmentedControlView.swift in Sources */,
				701735BA2777AA49004C589B /* button_colors.swift in Sources */,
				706989072778A9AA0034FE8F /* PlaceRepository.swift in Sources */,
			);
			runOnlyForDeploymentPostprocessing = 0;
		};
/* End PBXSourcesBuildPhase section */

/* Begin PBXVariantGroup section */
		701735932777A02E004C589B /* Main.storyboard */ = {
			isa = PBXVariantGroup;
			children = (
				701735942777A02E004C589B /* Base */,
			);
			name = Main.storyboard;
			sourceTree = "<group>";
		};
		701735982777A02E004C589B /* LaunchScreen.storyboard */ = {
			isa = PBXVariantGroup;
			children = (
				701735992777A02E004C589B /* Base */,
			);
			name = LaunchScreen.storyboard;
			sourceTree = "<group>";
		};
/* End PBXVariantGroup section */

/* Begin XCBuildConfiguration section */
		7017359C2777A02E004C589B /* Debug */ = {
			isa = XCBuildConfiguration;
			buildSettings = {
				ALWAYS_SEARCH_USER_PATHS = NO;
				CLANG_ANALYZER_NONNULL = YES;
				CLANG_ANALYZER_NUMBER_OBJECT_CONVERSION = YES_AGGRESSIVE;
				CLANG_CXX_LANGUAGE_STANDARD = "gnu++17";
				CLANG_CXX_LIBRARY = "libc++";
				CLANG_ENABLE_MODULES = YES;
				CLANG_ENABLE_OBJC_ARC = YES;
				CLANG_ENABLE_OBJC_WEAK = YES;
				CLANG_WARN_BLOCK_CAPTURE_AUTORELEASING = YES;
				CLANG_WARN_BOOL_CONVERSION = YES;
				CLANG_WARN_COMMA = YES;
				CLANG_WARN_CONSTANT_CONVERSION = YES;
				CLANG_WARN_DEPRECATED_OBJC_IMPLEMENTATIONS = YES;
				CLANG_WARN_DIRECT_OBJC_ISA_USAGE = YES_ERROR;
				CLANG_WARN_DOCUMENTATION_COMMENTS = YES;
				CLANG_WARN_EMPTY_BODY = YES;
				CLANG_WARN_ENUM_CONVERSION = YES;
				CLANG_WARN_INFINITE_RECURSION = YES;
				CLANG_WARN_INT_CONVERSION = YES;
				CLANG_WARN_NON_LITERAL_NULL_CONVERSION = YES;
				CLANG_WARN_OBJC_IMPLICIT_RETAIN_SELF = YES;
				CLANG_WARN_OBJC_LITERAL_CONVERSION = YES;
				CLANG_WARN_OBJC_ROOT_CLASS = YES_ERROR;
				CLANG_WARN_QUOTED_INCLUDE_IN_FRAMEWORK_HEADER = YES;
				CLANG_WARN_RANGE_LOOP_ANALYSIS = YES;
				CLANG_WARN_STRICT_PROTOTYPES = YES;
				CLANG_WARN_SUSPICIOUS_MOVE = YES;
				CLANG_WARN_UNGUARDED_AVAILABILITY = YES_AGGRESSIVE;
				CLANG_WARN_UNREACHABLE_CODE = YES;
				CLANG_WARN__DUPLICATE_METHOD_MATCH = YES;
				COPY_PHASE_STRIP = NO;
				DEBUG_INFORMATION_FORMAT = dwarf;
				ENABLE_STRICT_OBJC_MSGSEND = YES;
				ENABLE_TESTABILITY = YES;
				GCC_C_LANGUAGE_STANDARD = gnu11;
				GCC_DYNAMIC_NO_PIC = NO;
				GCC_NO_COMMON_BLOCKS = YES;
				GCC_OPTIMIZATION_LEVEL = 0;
				GCC_PREPROCESSOR_DEFINITIONS = (
					"DEBUG=1",
					"$(inherited)",
				);
				GCC_WARN_64_TO_32_BIT_CONVERSION = YES;
				GCC_WARN_ABOUT_RETURN_TYPE = YES_ERROR;
				GCC_WARN_UNDECLARED_SELECTOR = YES;
				GCC_WARN_UNINITIALIZED_AUTOS = YES_AGGRESSIVE;
				GCC_WARN_UNUSED_FUNCTION = YES;
				GCC_WARN_UNUSED_VARIABLE = YES;
				IPHONEOS_DEPLOYMENT_TARGET = 15.2;
				MTL_ENABLE_DEBUG_INFO = INCLUDE_SOURCE;
				MTL_FAST_MATH = YES;
				ONLY_ACTIVE_ARCH = YES;
				SDKROOT = iphoneos;
				SWIFT_ACTIVE_COMPILATION_CONDITIONS = DEBUG;
				SWIFT_OPTIMIZATION_LEVEL = "-Onone";
			};
			name = Debug;
		};
		7017359D2777A02E004C589B /* Release */ = {
			isa = XCBuildConfiguration;
			buildSettings = {
				ALWAYS_SEARCH_USER_PATHS = NO;
				CLANG_ANALYZER_NONNULL = YES;
				CLANG_ANALYZER_NUMBER_OBJECT_CONVERSION = YES_AGGRESSIVE;
				CLANG_CXX_LANGUAGE_STANDARD = "gnu++17";
				CLANG_CXX_LIBRARY = "libc++";
				CLANG_ENABLE_MODULES = YES;
				CLANG_ENABLE_OBJC_ARC = YES;
				CLANG_ENABLE_OBJC_WEAK = YES;
				CLANG_WARN_BLOCK_CAPTURE_AUTORELEASING = YES;
				CLANG_WARN_BOOL_CONVERSION = YES;
				CLANG_WARN_COMMA = YES;
				CLANG_WARN_CONSTANT_CONVERSION = YES;
				CLANG_WARN_DEPRECATED_OBJC_IMPLEMENTATIONS = YES;
				CLANG_WARN_DIRECT_OBJC_ISA_USAGE = YES_ERROR;
				CLANG_WARN_DOCUMENTATION_COMMENTS = YES;
				CLANG_WARN_EMPTY_BODY = YES;
				CLANG_WARN_ENUM_CONVERSION = YES;
				CLANG_WARN_INFINITE_RECURSION = YES;
				CLANG_WARN_INT_CONVERSION = YES;
				CLANG_WARN_NON_LITERAL_NULL_CONVERSION = YES;
				CLANG_WARN_OBJC_IMPLICIT_RETAIN_SELF = YES;
				CLANG_WARN_OBJC_LITERAL_CONVERSION = YES;
				CLANG_WARN_OBJC_ROOT_CLASS = YES_ERROR;
				CLANG_WARN_QUOTED_INCLUDE_IN_FRAMEWORK_HEADER = YES;
				CLANG_WARN_RANGE_LOOP_ANALYSIS = YES;
				CLANG_WARN_STRICT_PROTOTYPES = YES;
				CLANG_WARN_SUSPICIOUS_MOVE = YES;
				CLANG_WARN_UNGUARDED_AVAILABILITY = YES_AGGRESSIVE;
				CLANG_WARN_UNREACHABLE_CODE = YES;
				CLANG_WARN__DUPLICATE_METHOD_MATCH = YES;
				COPY_PHASE_STRIP = NO;
				DEBUG_INFORMATION_FORMAT = "dwarf-with-dsym";
				ENABLE_NS_ASSERTIONS = NO;
				ENABLE_STRICT_OBJC_MSGSEND = YES;
				GCC_C_LANGUAGE_STANDARD = gnu11;
				GCC_NO_COMMON_BLOCKS = YES;
				GCC_WARN_64_TO_32_BIT_CONVERSION = YES;
				GCC_WARN_ABOUT_RETURN_TYPE = YES_ERROR;
				GCC_WARN_UNDECLARED_SELECTOR = YES;
				GCC_WARN_UNINITIALIZED_AUTOS = YES_AGGRESSIVE;
				GCC_WARN_UNUSED_FUNCTION = YES;
				GCC_WARN_UNUSED_VARIABLE = YES;
				IPHONEOS_DEPLOYMENT_TARGET = 15.2;
				MTL_ENABLE_DEBUG_INFO = NO;
				MTL_FAST_MATH = YES;
				SDKROOT = iphoneos;
				SWIFT_COMPILATION_MODE = wholemodule;
				SWIFT_OPTIMIZATION_LEVEL = "-O";
				VALIDATE_PRODUCT = YES;
			};
			name = Release;
		};
		7017359F2777A02E004C589B /* Debug */ = {
			isa = XCBuildConfiguration;
			buildSettings = {
				ASSETCATALOG_COMPILER_APPICON_NAME = AppIcon;
				ASSETCATALOG_COMPILER_GLOBAL_ACCENT_COLOR_NAME = AccentColor;
				CODE_SIGN_STYLE = Automatic;
				CURRENT_PROJECT_VERSION = 1;
				DEVELOPMENT_TEAM = RTMQTS6F7G;
				GENERATE_INFOPLIST_FILE = YES;
				INFOPLIST_FILE = "uikit-uber-clone/Info.plist";
				INFOPLIST_KEY_NSLocationAlwaysAndWhenInUseUsageDescription = "Please allow us to access your location so we can find you rides nearby";
				INFOPLIST_KEY_NSLocationAlwaysUsageDescription = "Please allow us to access your location so we can find you rides nearby";
				INFOPLIST_KEY_NSLocationWhenInUseUsageDescription = "Please allow us to access your location so we can find you rides nearby";
				INFOPLIST_KEY_UIApplicationSupportsIndirectInputEvents = YES;
				INFOPLIST_KEY_UILaunchStoryboardName = LaunchScreen;
				INFOPLIST_KEY_UIMainStoryboardFile = Main;
				INFOPLIST_KEY_UISupportedInterfaceOrientations = UIInterfaceOrientationPortrait;
				INFOPLIST_KEY_UISupportedInterfaceOrientations_iPad = "UIInterfaceOrientationPortrait UIInterfaceOrientationPortraitUpsideDown UIInterfaceOrientationLandscapeLeft UIInterfaceOrientationLandscapeRight";
				INFOPLIST_KEY_UISupportedInterfaceOrientations_iPhone = "UIInterfaceOrientationPortrait UIInterfaceOrientationLandscapeLeft UIInterfaceOrientationLandscapeRight";
				LD_RUNPATH_SEARCH_PATHS = (
					"$(inherited)",
					"@executable_path/Frameworks",
				);
				MARKETING_VERSION = 1.0;
				PRODUCT_BUNDLE_IDENTIFIER = "com.donggyu.uikit-uber-clone";
				PRODUCT_NAME = "$(TARGET_NAME)";
				SWIFT_EMIT_LOC_STRINGS = YES;
				SWIFT_VERSION = 5.0;
				TARGETED_DEVICE_FAMILY = "1,2";
			};
			name = Debug;
		};
		701735A02777A02E004C589B /* Release */ = {
			isa = XCBuildConfiguration;
			buildSettings = {
				ASSETCATALOG_COMPILER_APPICON_NAME = AppIcon;
				ASSETCATALOG_COMPILER_GLOBAL_ACCENT_COLOR_NAME = AccentColor;
				CODE_SIGN_STYLE = Automatic;
				CURRENT_PROJECT_VERSION = 1;
				DEVELOPMENT_TEAM = RTMQTS6F7G;
				GENERATE_INFOPLIST_FILE = YES;
				INFOPLIST_FILE = "uikit-uber-clone/Info.plist";
				INFOPLIST_KEY_NSLocationAlwaysAndWhenInUseUsageDescription = "Please allow us to access your location so we can find you rides nearby";
				INFOPLIST_KEY_NSLocationAlwaysUsageDescription = "Please allow us to access your location so we can find you rides nearby";
				INFOPLIST_KEY_NSLocationWhenInUseUsageDescription = "Please allow us to access your location so we can find you rides nearby";
				INFOPLIST_KEY_UIApplicationSupportsIndirectInputEvents = YES;
				INFOPLIST_KEY_UILaunchStoryboardName = LaunchScreen;
				INFOPLIST_KEY_UIMainStoryboardFile = Main;
				INFOPLIST_KEY_UISupportedInterfaceOrientations = UIInterfaceOrientationPortrait;
				INFOPLIST_KEY_UISupportedInterfaceOrientations_iPad = "UIInterfaceOrientationPortrait UIInterfaceOrientationPortraitUpsideDown UIInterfaceOrientationLandscapeLeft UIInterfaceOrientationLandscapeRight";
				INFOPLIST_KEY_UISupportedInterfaceOrientations_iPhone = "UIInterfaceOrientationPortrait UIInterfaceOrientationLandscapeLeft UIInterfaceOrientationLandscapeRight";
				LD_RUNPATH_SEARCH_PATHS = (
					"$(inherited)",
					"@executable_path/Frameworks",
				);
				MARKETING_VERSION = 1.0;
				PRODUCT_BUNDLE_IDENTIFIER = "com.donggyu.uikit-uber-clone";
				PRODUCT_NAME = "$(TARGET_NAME)";
				SWIFT_EMIT_LOC_STRINGS = YES;
				SWIFT_VERSION = 5.0;
				TARGETED_DEVICE_FAMILY = "1,2";
			};
			name = Release;
		};
/* End XCBuildConfiguration section */

/* Begin XCConfigurationList section */
		701735852777A02E004C589B /* Build configuration list for PBXProject "uikit-uber-clone" */ = {
			isa = XCConfigurationList;
			buildConfigurations = (
				7017359C2777A02E004C589B /* Debug */,
				7017359D2777A02E004C589B /* Release */,
			);
			defaultConfigurationIsVisible = 0;
			defaultConfigurationName = Release;
		};
		7017359E2777A02E004C589B /* Build configuration list for PBXNativeTarget "uikit-uber-clone" */ = {
			isa = XCConfigurationList;
			buildConfigurations = (
				7017359F2777A02E004C589B /* Debug */,
				701735A02777A02E004C589B /* Release */,
			);
			defaultConfigurationIsVisible = 0;
			defaultConfigurationName = Release;
		};
/* End XCConfigurationList section */

/* Begin XCRemoteSwiftPackageReference section */
		701735AF2777A27C004C589B /* XCRemoteSwiftPackageReference "SnapKit" */ = {
			isa = XCRemoteSwiftPackageReference;
			repositoryURL = "https://github.com/SnapKit/SnapKit";
			requirement = {
				kind = upToNextMajorVersion;
				minimumVersion = 5.0.0;
			};
		};
		701735BF2777B0AC004C589B /* XCRemoteSwiftPackageReference "RxSwift" */ = {
			isa = XCRemoteSwiftPackageReference;
			repositoryURL = "https://github.com/ReactiveX/RxSwift";
			requirement = {
				branch = main;
				kind = branch;
			};
		};
		7055CEAB2777BDDB00399AC6 /* XCRemoteSwiftPackageReference "firebase-ios-sdk" */ = {
			isa = XCRemoteSwiftPackageReference;
			repositoryURL = "https://github.com/firebase/firebase-ios-sdk";
			requirement = {
				branch = master;
				kind = branch;
			};
		};
		7055CEB82777BE8100399AC6 /* XCRemoteSwiftPackageReference "geofire-objc" */ = {
			isa = XCRemoteSwiftPackageReference;
			repositoryURL = "https://github.com/firebase/geofire-objc";
			requirement = {
				branch = master;
				kind = branch;
			};
		};
		70DCF8DC27783E3800A9E633 /* XCRemoteSwiftPackageReference "Toast-Swift" */ = {
			isa = XCRemoteSwiftPackageReference;
			repositoryURL = "https://github.com/scalessec/Toast-Swift";
			requirement = {
				kind = upToNextMajorVersion;
				minimumVersion = 5.0.0;
			};
		};
/* End XCRemoteSwiftPackageReference section */

/* Begin XCSwiftPackageProductDependency section */
		701735B02777A27C004C589B /* SnapKit */ = {
			isa = XCSwiftPackageProductDependency;
			package = 701735AF2777A27C004C589B /* XCRemoteSwiftPackageReference "SnapKit" */;
			productName = SnapKit;
		};
		701735C02777B0AC004C589B /* RxCocoa */ = {
			isa = XCSwiftPackageProductDependency;
			package = 701735BF2777B0AC004C589B /* XCRemoteSwiftPackageReference "RxSwift" */;
			productName = RxCocoa;
		};
		701735C22777B0AC004C589B /* RxRelay */ = {
			isa = XCSwiftPackageProductDependency;
			package = 701735BF2777B0AC004C589B /* XCRemoteSwiftPackageReference "RxSwift" */;
			productName = RxRelay;
		};
		701735C42777B0AC004C589B /* RxSwift */ = {
			isa = XCSwiftPackageProductDependency;
			package = 701735BF2777B0AC004C589B /* XCRemoteSwiftPackageReference "RxSwift" */;
			productName = RxSwift;
		};
		7055CEAC2777BDDB00399AC6 /* FirebaseAuth */ = {
			isa = XCSwiftPackageProductDependency;
			package = 7055CEAB2777BDDB00399AC6 /* XCRemoteSwiftPackageReference "firebase-ios-sdk" */;
			productName = FirebaseAuth;
		};
		7055CEAE2777BDDB00399AC6 /* FirebaseDatabase */ = {
			isa = XCSwiftPackageProductDependency;
			package = 7055CEAB2777BDDB00399AC6 /* XCRemoteSwiftPackageReference "firebase-ios-sdk" */;
			productName = FirebaseDatabase;
		};
		7055CEB02777BDDB00399AC6 /* FirebaseFirestore */ = {
			isa = XCSwiftPackageProductDependency;
			package = 7055CEAB2777BDDB00399AC6 /* XCRemoteSwiftPackageReference "firebase-ios-sdk" */;
			productName = FirebaseFirestore;
		};
		7055CEB22777BDDB00399AC6 /* FirebaseFunctions */ = {
			isa = XCSwiftPackageProductDependency;
			package = 7055CEAB2777BDDB00399AC6 /* XCRemoteSwiftPackageReference "firebase-ios-sdk" */;
			productName = FirebaseFunctions;
		};
		7055CEB42777BDDB00399AC6 /* FirebaseMessaging */ = {
			isa = XCSwiftPackageProductDependency;
			package = 7055CEAB2777BDDB00399AC6 /* XCRemoteSwiftPackageReference "firebase-ios-sdk" */;
			productName = FirebaseMessaging;
		};
		7055CEB62777BDDB00399AC6 /* FirebaseStorage */ = {
			isa = XCSwiftPackageProductDependency;
			package = 7055CEAB2777BDDB00399AC6 /* XCRemoteSwiftPackageReference "firebase-ios-sdk" */;
			productName = FirebaseStorage;
		};
		7055CEB92777BE8100399AC6 /* GeoFire */ = {
			isa = XCSwiftPackageProductDependency;
			package = 7055CEB82777BE8100399AC6 /* XCRemoteSwiftPackageReference "geofire-objc" */;
			productName = GeoFire;
		};
		7055CEBB2777BE8100399AC6 /* GeoFireUtils */ = {
			isa = XCSwiftPackageProductDependency;
			package = 7055CEB82777BE8100399AC6 /* XCRemoteSwiftPackageReference "geofire-objc" */;
			productName = GeoFireUtils;
		};
		70DCF8DD27783E3800A9E633 /* Toast */ = {
			isa = XCSwiftPackageProductDependency;
			package = 70DCF8DC27783E3800A9E633 /* XCRemoteSwiftPackageReference "Toast-Swift" */;
			productName = Toast;
		};
/* End XCSwiftPackageProductDependency section */
	};
	rootObject = 701735822777A02E004C589B /* Project object */;
}
